// !$*UTF8*$!
{
	archiveVersion = 1;
	classes = {
	};
	objectVersion = 46;
	objects = {

/* Begin PBXBuildFile section */
		0C6F72A29DE1D05848FF6DCF /* Pods_weiBo.framework in Frameworks */ = {isa = PBXBuildFile; fileRef = EC53425561B06BC8CF44B4CE /* Pods_weiBo.framework */; };
		5A004F6C1F5D92DD0001F208 /* WBOAuthViewController.swift in Sources */ = {isa = PBXBuildFile; fileRef = 5A004F6B1F5D92DD0001F208 /* WBOAuthViewController.swift */; };
		5A32DDAE1F6032BE00086C7B /* WBUserAccount.swift in Sources */ = {isa = PBXBuildFile; fileRef = 5A32DDAD1F6032BE00086C7B /* WBUserAccount.swift */; };
		5A3413BC1F493E2200BC6614 /* demo.plist in Resources */ = {isa = PBXBuildFile; fileRef = 5A3413BB1F493E2200BC6614 /* demo.plist */; };
		5A61C5021E17B7DC00D25B24 /* AppDelegate.swift in Sources */ = {isa = PBXBuildFile; fileRef = 5A61C5011E17B7DC00D25B24 /* AppDelegate.swift */; };
		5A61C5091E17B7DC00D25B24 /* Assets.xcassets in Resources */ = {isa = PBXBuildFile; fileRef = 5A61C5081E17B7DC00D25B24 /* Assets.xcassets */; };
		5A61C5171E17B7DC00D25B24 /* weiBoTests.swift in Sources */ = {isa = PBXBuildFile; fileRef = 5A61C5161E17B7DC00D25B24 /* weiBoTests.swift */; };
		5A61C5221E17B7DD00D25B24 /* weiBoUITests.swift in Sources */ = {isa = PBXBuildFile; fileRef = 5A61C5211E17B7DD00D25B24 /* weiBoUITests.swift */; };
		5A61C53C1E17BC3C00D25B24 /* WBMainViewController.swift in Sources */ = {isa = PBXBuildFile; fileRef = 5A61C53B1E17BC3C00D25B24 /* WBMainViewController.swift */; };
		5A61C53E1E17BC5B00D25B24 /* WBNavigationViewController.swift in Sources */ = {isa = PBXBuildFile; fileRef = 5A61C53D1E17BC5B00D25B24 /* WBNavigationViewController.swift */; };
		5A61C5401E17BC7700D25B24 /* WBBaseViewController.swift in Sources */ = {isa = PBXBuildFile; fileRef = 5A61C53F1E17BC7700D25B24 /* WBBaseViewController.swift */; };
		5A61C5421E17BCC900D25B24 /* WBHomeViewController.swift in Sources */ = {isa = PBXBuildFile; fileRef = 5A61C5411E17BCC900D25B24 /* WBHomeViewController.swift */; };
		5A61C5441E17BCD800D25B24 /* WBSDiscoverViewController.swift in Sources */ = {isa = PBXBuildFile; fileRef = 5A61C5431E17BCD800D25B24 /* WBSDiscoverViewController.swift */; };
		5A61C5461E17BCE100D25B24 /* WBMessageViewController.swift in Sources */ = {isa = PBXBuildFile; fileRef = 5A61C5451E17BCE100D25B24 /* WBMessageViewController.swift */; };
		5A61C5481E17BCEB00D25B24 /* WBProfileViewController.swift in Sources */ = {isa = PBXBuildFile; fileRef = 5A61C5471E17BCEB00D25B24 /* WBProfileViewController.swift */; };
		5A6471B71E1C842200D0099F /* UIBarButtonItem+Extension.swift in Sources */ = {isa = PBXBuildFile; fileRef = 5A6471B61E1C842200D0099F /* UIBarButtonItem+Extension.swift */; };
		5A667AC21F64409500B6B72C /* WBTitleButton.swift in Sources */ = {isa = PBXBuildFile; fileRef = 5A667AC11F64409500B6B72C /* WBTitleButton.swift */; };
		5A667AC51F6531CB00B6B72C /* WBWelcomeView.swift in Sources */ = {isa = PBXBuildFile; fileRef = 5A667AC41F6531CB00B6B72C /* WBWelcomeView.swift */; };
		5A667AC71F65321700B6B72C /* WBNewFeatureView.swift in Sources */ = {isa = PBXBuildFile; fileRef = 5A667AC61F65321700B6B72C /* WBNewFeatureView.swift */; };
		5A667AC91F6539B400B6B72C /* WBWelcomeView.xib in Resources */ = {isa = PBXBuildFile; fileRef = 5A667AC81F6539B400B6B72C /* WBWelcomeView.xib */; };
		5A667ACB1F6539C800B6B72C /* WBNewFeatureView.xib in Resources */ = {isa = PBXBuildFile; fileRef = 5A667ACA1F6539C800B6B72C /* WBNewFeatureView.xib */; };
		5A82F16A1E1D4CEF003E1FC5 /* WBVisitorView.swift in Sources */ = {isa = PBXBuildFile; fileRef = 5A82F1691E1D4CEF003E1FC5 /* WBVisitorView.swift */; };
		5AAA2EE21E1BEEE30093EF3E /* Bundle+Extension.swift in Sources */ = {isa = PBXBuildFile; fileRef = 5AAA2EE11E1BEEE30093EF3E /* Bundle+Extension.swift */; };
		5ABBBFA71E1BA365000BD56A /* NSArray+Log.m in Sources */ = {isa = PBXBuildFile; fileRef = 5ABBBF8C1E1BA365000BD56A /* NSArray+Log.m */; };
		5ABBBFA81E1BA365000BD56A /* NSAttributedString+CZAdditon.m in Sources */ = {isa = PBXBuildFile; fileRef = 5ABBBF8E1E1BA365000BD56A /* NSAttributedString+CZAdditon.m */; };
		5ABBBFA91E1BA365000BD56A /* NSObject+CZRuntime.m in Sources */ = {isa = PBXBuildFile; fileRef = 5ABBBF901E1BA365000BD56A /* NSObject+CZRuntime.m */; };
		5ABBBFAA1E1BA365000BD56A /* NSString+CZBase64.m in Sources */ = {isa = PBXBuildFile; fileRef = 5ABBBF921E1BA365000BD56A /* NSString+CZBase64.m */; };
		5ABBBFAB1E1BA365000BD56A /* NSString+CZHash.m in Sources */ = {isa = PBXBuildFile; fileRef = 5ABBBF941E1BA365000BD56A /* NSString+CZHash.m */; };
		5ABBBFAC1E1BA365000BD56A /* NSString+CZPath.m in Sources */ = {isa = PBXBuildFile; fileRef = 5ABBBF961E1BA365000BD56A /* NSString+CZPath.m */; };
		5ABBBFAD1E1BA365000BD56A /* UIButton+CZAddition.m in Sources */ = {isa = PBXBuildFile; fileRef = 5ABBBF981E1BA365000BD56A /* UIButton+CZAddition.m */; };
		5ABBBFAE1E1BA365000BD56A /* UIColor+CZAddition.m in Sources */ = {isa = PBXBuildFile; fileRef = 5ABBBF9A1E1BA365000BD56A /* UIColor+CZAddition.m */; };
		5ABBBFAF1E1BA365000BD56A /* UIImage+Extension.m in Sources */ = {isa = PBXBuildFile; fileRef = 5ABBBF9C1E1BA365000BD56A /* UIImage+Extension.m */; };
		5ABBBFB01E1BA365000BD56A /* UILabel+CZAddition.m in Sources */ = {isa = PBXBuildFile; fileRef = 5ABBBF9E1E1BA365000BD56A /* UILabel+CZAddition.m */; };
		5ABBBFB11E1BA365000BD56A /* UIScreen+CZAddition.m in Sources */ = {isa = PBXBuildFile; fileRef = 5ABBBFA01E1BA365000BD56A /* UIScreen+CZAddition.m */; };
		5ABBBFB21E1BA365000BD56A /* UIView+CZAddition.m in Sources */ = {isa = PBXBuildFile; fileRef = 5ABBBFA21E1BA365000BD56A /* UIView+CZAddition.m */; };
		5ABBBFB31E1BA365000BD56A /* UIView+JKFrame.m in Sources */ = {isa = PBXBuildFile; fileRef = 5ABBBFA41E1BA365000BD56A /* UIView+JKFrame.m */; };
		5ABBBFB41E1BA365000BD56A /* UIViewController+CZAddition.m in Sources */ = {isa = PBXBuildFile; fileRef = 5ABBBFA61E1BA365000BD56A /* UIViewController+CZAddition.m */; };
		5AC7DBF31F5D27300044E4D1 /* WeiBoCommon.swift in Sources */ = {isa = PBXBuildFile; fileRef = 5AC7DBF21F5D27300044E4D1 /* WeiBoCommon.swift */; };
		5ADED54D1F56F95C0056BFEE /* WBNetWorkManager+Extension.swift in Sources */ = {isa = PBXBuildFile; fileRef = 5ADED54B1F56F95C0056BFEE /* WBNetWorkManager+Extension.swift */; };
		5ADED54E1F56F95C0056BFEE /* WBNetWorkManager.swift in Sources */ = {isa = PBXBuildFile; fileRef = 5ADED54C1F56F95C0056BFEE /* WBNetWorkManager.swift */; };
		5ADED5511F56F9A80056BFEE /* WBStatus.swift in Sources */ = {isa = PBXBuildFile; fileRef = 5ADED5501F56F9A80056BFEE /* WBStatus.swift */; };
		5ADED5531F56FC000056BFEE /* WBStatusListViewModel.swift in Sources */ = {isa = PBXBuildFile; fileRef = 5ADED5521F56FC000056BFEE /* WBStatusListViewModel.swift */; };
/* End PBXBuildFile section */

/* Begin PBXContainerItemProxy section */
		5A61C5131E17B7DC00D25B24 /* PBXContainerItemProxy */ = {
			isa = PBXContainerItemProxy;
			containerPortal = 5A61C4F61E17B7DC00D25B24 /* Project object */;
			proxyType = 1;
			remoteGlobalIDString = 5A61C4FD1E17B7DC00D25B24;
			remoteInfo = weiBo;
		};
		5A61C51E1E17B7DD00D25B24 /* PBXContainerItemProxy */ = {
			isa = PBXContainerItemProxy;
			containerPortal = 5A61C4F61E17B7DC00D25B24 /* Project object */;
			proxyType = 1;
			remoteGlobalIDString = 5A61C4FD1E17B7DC00D25B24;
			remoteInfo = weiBo;
		};
/* End PBXContainerItemProxy section */

/* Begin PBXFileReference section */
		042A6562291D87C270A0EE54 /* Pods-weiBo.debug.xcconfig */ = {isa = PBXFileReference; includeInIndex = 1; lastKnownFileType = text.xcconfig; name = "Pods-weiBo.debug.xcconfig"; path = "Pods/Target Support Files/Pods-weiBo/Pods-weiBo.debug.xcconfig"; sourceTree = "<group>"; };
		3C6B231A97A4F1258EE34E5E /* Pods-weiBo.release.xcconfig */ = {isa = PBXFileReference; includeInIndex = 1; lastKnownFileType = text.xcconfig; name = "Pods-weiBo.release.xcconfig"; path = "Pods/Target Support Files/Pods-weiBo/Pods-weiBo.release.xcconfig"; sourceTree = "<group>"; };
		5A004F6B1F5D92DD0001F208 /* WBOAuthViewController.swift */ = {isa = PBXFileReference; fileEncoding = 4; lastKnownFileType = sourcecode.swift; path = WBOAuthViewController.swift; sourceTree = "<group>"; };
		5A32DDAD1F6032BE00086C7B /* WBUserAccount.swift */ = {isa = PBXFileReference; fileEncoding = 4; lastKnownFileType = sourcecode.swift; path = WBUserAccount.swift; sourceTree = "<group>"; };
		5A3413BB1F493E2200BC6614 /* demo.plist */ = {isa = PBXFileReference; fileEncoding = 4; lastKnownFileType = text.plist.xml; name = demo.plist; path = ../demo.plist; sourceTree = "<group>"; };
		5A61C4FE1E17B7DC00D25B24 /* weiBo.app */ = {isa = PBXFileReference; explicitFileType = wrapper.application; includeInIndex = 0; path = weiBo.app; sourceTree = BUILT_PRODUCTS_DIR; };
		5A61C5011E17B7DC00D25B24 /* AppDelegate.swift */ = {isa = PBXFileReference; lastKnownFileType = sourcecode.swift; path = AppDelegate.swift; sourceTree = "<group>"; };
		5A61C5081E17B7DC00D25B24 /* Assets.xcassets */ = {isa = PBXFileReference; lastKnownFileType = folder.assetcatalog; path = Assets.xcassets; sourceTree = "<group>"; };
		5A61C50D1E17B7DC00D25B24 /* Info.plist */ = {isa = PBXFileReference; lastKnownFileType = text.plist.xml; path = Info.plist; sourceTree = "<group>"; };
		5A61C5121E17B7DC00D25B24 /* weiBoTests.xctest */ = {isa = PBXFileReference; explicitFileType = wrapper.cfbundle; includeInIndex = 0; path = weiBoTests.xctest; sourceTree = BUILT_PRODUCTS_DIR; };
		5A61C5161E17B7DC00D25B24 /* weiBoTests.swift */ = {isa = PBXFileReference; lastKnownFileType = sourcecode.swift; path = weiBoTests.swift; sourceTree = "<group>"; };
		5A61C5181E17B7DC00D25B24 /* Info.plist */ = {isa = PBXFileReference; lastKnownFileType = text.plist.xml; path = Info.plist; sourceTree = "<group>"; };
		5A61C51D1E17B7DD00D25B24 /* weiBoUITests.xctest */ = {isa = PBXFileReference; explicitFileType = wrapper.cfbundle; includeInIndex = 0; path = weiBoUITests.xctest; sourceTree = BUILT_PRODUCTS_DIR; };
		5A61C5211E17B7DD00D25B24 /* weiBoUITests.swift */ = {isa = PBXFileReference; lastKnownFileType = sourcecode.swift; path = weiBoUITests.swift; sourceTree = "<group>"; };
		5A61C5231E17B7DD00D25B24 /* Info.plist */ = {isa = PBXFileReference; lastKnownFileType = text.plist.xml; path = Info.plist; sourceTree = "<group>"; };
		5A61C53B1E17BC3C00D25B24 /* WBMainViewController.swift */ = {isa = PBXFileReference; fileEncoding = 4; lastKnownFileType = sourcecode.swift; path = WBMainViewController.swift; sourceTree = "<group>"; };
		5A61C53D1E17BC5B00D25B24 /* WBNavigationViewController.swift */ = {isa = PBXFileReference; fileEncoding = 4; lastKnownFileType = sourcecode.swift; path = WBNavigationViewController.swift; sourceTree = "<group>"; };
		5A61C53F1E17BC7700D25B24 /* WBBaseViewController.swift */ = {isa = PBXFileReference; fileEncoding = 4; lastKnownFileType = sourcecode.swift; path = WBBaseViewController.swift; sourceTree = "<group>"; };
		5A61C5411E17BCC900D25B24 /* WBHomeViewController.swift */ = {isa = PBXFileReference; fileEncoding = 4; lastKnownFileType = sourcecode.swift; path = WBHomeViewController.swift; sourceTree = "<group>"; };
		5A61C5431E17BCD800D25B24 /* WBSDiscoverViewController.swift */ = {isa = PBXFileReference; fileEncoding = 4; lastKnownFileType = sourcecode.swift; path = WBSDiscoverViewController.swift; sourceTree = "<group>"; };
		5A61C5451E17BCE100D25B24 /* WBMessageViewController.swift */ = {isa = PBXFileReference; fileEncoding = 4; lastKnownFileType = sourcecode.swift; path = WBMessageViewController.swift; sourceTree = "<group>"; };
		5A61C5471E17BCEB00D25B24 /* WBProfileViewController.swift */ = {isa = PBXFileReference; fileEncoding = 4; lastKnownFileType = sourcecode.swift; path = WBProfileViewController.swift; sourceTree = "<group>"; };
		5A6471B61E1C842200D0099F /* UIBarButtonItem+Extension.swift */ = {isa = PBXFileReference; fileEncoding = 4; lastKnownFileType = sourcecode.swift; path = "UIBarButtonItem+Extension.swift"; sourceTree = "<group>"; };
		5A667AC11F64409500B6B72C /* WBTitleButton.swift */ = {isa = PBXFileReference; fileEncoding = 4; lastKnownFileType = sourcecode.swift; path = WBTitleButton.swift; sourceTree = "<group>"; };
		5A667AC41F6531CB00B6B72C /* WBWelcomeView.swift */ = {isa = PBXFileReference; fileEncoding = 4; lastKnownFileType = sourcecode.swift; path = WBWelcomeView.swift; sourceTree = "<group>"; };
		5A667AC61F65321700B6B72C /* WBNewFeatureView.swift */ = {isa = PBXFileReference; fileEncoding = 4; lastKnownFileType = sourcecode.swift; path = WBNewFeatureView.swift; sourceTree = "<group>"; };
		5A667AC81F6539B400B6B72C /* WBWelcomeView.xib */ = {isa = PBXFileReference; fileEncoding = 4; lastKnownFileType = file.xib; path = WBWelcomeView.xib; sourceTree = "<group>"; };
		5A667ACA1F6539C800B6B72C /* WBNewFeatureView.xib */ = {isa = PBXFileReference; fileEncoding = 4; lastKnownFileType = file.xib; path = WBNewFeatureView.xib; sourceTree = "<group>"; };
		5A82F1691E1D4CEF003E1FC5 /* WBVisitorView.swift */ = {isa = PBXFileReference; fileEncoding = 4; lastKnownFileType = sourcecode.swift; path = WBVisitorView.swift; sourceTree = "<group>"; };
		5AAA2EE11E1BEEE30093EF3E /* Bundle+Extension.swift */ = {isa = PBXFileReference; fileEncoding = 4; lastKnownFileType = sourcecode.swift; path = "Bundle+Extension.swift"; sourceTree = "<group>"; };
		5ABBBF8A1E1BA365000BD56A /* CZAdditions.h */ = {isa = PBXFileReference; fileEncoding = 4; lastKnownFileType = sourcecode.c.h; path = CZAdditions.h; sourceTree = "<group>"; };
		5ABBBF8B1E1BA365000BD56A /* NSArray+Log.h */ = {isa = PBXFileReference; fileEncoding = 4; lastKnownFileType = sourcecode.c.h; path = "NSArray+Log.h"; sourceTree = "<group>"; };
		5ABBBF8C1E1BA365000BD56A /* NSArray+Log.m */ = {isa = PBXFileReference; fileEncoding = 4; lastKnownFileType = sourcecode.c.objc; path = "NSArray+Log.m"; sourceTree = "<group>"; };
		5ABBBF8D1E1BA365000BD56A /* NSAttributedString+CZAdditon.h */ = {isa = PBXFileReference; fileEncoding = 4; lastKnownFileType = sourcecode.c.h; path = "NSAttributedString+CZAdditon.h"; sourceTree = "<group>"; };
		5ABBBF8E1E1BA365000BD56A /* NSAttributedString+CZAdditon.m */ = {isa = PBXFileReference; fileEncoding = 4; lastKnownFileType = sourcecode.c.objc; path = "NSAttributedString+CZAdditon.m"; sourceTree = "<group>"; };
		5ABBBF8F1E1BA365000BD56A /* NSObject+CZRuntime.h */ = {isa = PBXFileReference; fileEncoding = 4; lastKnownFileType = sourcecode.c.h; path = "NSObject+CZRuntime.h"; sourceTree = "<group>"; };
		5ABBBF901E1BA365000BD56A /* NSObject+CZRuntime.m */ = {isa = PBXFileReference; fileEncoding = 4; lastKnownFileType = sourcecode.c.objc; path = "NSObject+CZRuntime.m"; sourceTree = "<group>"; };
		5ABBBF911E1BA365000BD56A /* NSString+CZBase64.h */ = {isa = PBXFileReference; fileEncoding = 4; lastKnownFileType = sourcecode.c.h; path = "NSString+CZBase64.h"; sourceTree = "<group>"; };
		5ABBBF921E1BA365000BD56A /* NSString+CZBase64.m */ = {isa = PBXFileReference; fileEncoding = 4; lastKnownFileType = sourcecode.c.objc; path = "NSString+CZBase64.m"; sourceTree = "<group>"; };
		5ABBBF931E1BA365000BD56A /* NSString+CZHash.h */ = {isa = PBXFileReference; fileEncoding = 4; lastKnownFileType = sourcecode.c.h; path = "NSString+CZHash.h"; sourceTree = "<group>"; };
		5ABBBF941E1BA365000BD56A /* NSString+CZHash.m */ = {isa = PBXFileReference; fileEncoding = 4; lastKnownFileType = sourcecode.c.objc; path = "NSString+CZHash.m"; sourceTree = "<group>"; };
		5ABBBF951E1BA365000BD56A /* NSString+CZPath.h */ = {isa = PBXFileReference; fileEncoding = 4; lastKnownFileType = sourcecode.c.h; path = "NSString+CZPath.h"; sourceTree = "<group>"; };
		5ABBBF961E1BA365000BD56A /* NSString+CZPath.m */ = {isa = PBXFileReference; fileEncoding = 4; lastKnownFileType = sourcecode.c.objc; path = "NSString+CZPath.m"; sourceTree = "<group>"; };
		5ABBBF971E1BA365000BD56A /* UIButton+CZAddition.h */ = {isa = PBXFileReference; fileEncoding = 4; lastKnownFileType = sourcecode.c.h; path = "UIButton+CZAddition.h"; sourceTree = "<group>"; };
		5ABBBF981E1BA365000BD56A /* UIButton+CZAddition.m */ = {isa = PBXFileReference; fileEncoding = 4; lastKnownFileType = sourcecode.c.objc; path = "UIButton+CZAddition.m"; sourceTree = "<group>"; };
		5ABBBF991E1BA365000BD56A /* UIColor+CZAddition.h */ = {isa = PBXFileReference; fileEncoding = 4; lastKnownFileType = sourcecode.c.h; path = "UIColor+CZAddition.h"; sourceTree = "<group>"; };
		5ABBBF9A1E1BA365000BD56A /* UIColor+CZAddition.m */ = {isa = PBXFileReference; fileEncoding = 4; lastKnownFileType = sourcecode.c.objc; path = "UIColor+CZAddition.m"; sourceTree = "<group>"; };
		5ABBBF9B1E1BA365000BD56A /* UIImage+Extension.h */ = {isa = PBXFileReference; fileEncoding = 4; lastKnownFileType = sourcecode.c.h; path = "UIImage+Extension.h"; sourceTree = "<group>"; };
		5ABBBF9C1E1BA365000BD56A /* UIImage+Extension.m */ = {isa = PBXFileReference; fileEncoding = 4; lastKnownFileType = sourcecode.c.objc; path = "UIImage+Extension.m"; sourceTree = "<group>"; };
		5ABBBF9D1E1BA365000BD56A /* UILabel+CZAddition.h */ = {isa = PBXFileReference; fileEncoding = 4; lastKnownFileType = sourcecode.c.h; path = "UILabel+CZAddition.h"; sourceTree = "<group>"; };
		5ABBBF9E1E1BA365000BD56A /* UILabel+CZAddition.m */ = {isa = PBXFileReference; fileEncoding = 4; lastKnownFileType = sourcecode.c.objc; path = "UILabel+CZAddition.m"; sourceTree = "<group>"; };
		5ABBBF9F1E1BA365000BD56A /* UIScreen+CZAddition.h */ = {isa = PBXFileReference; fileEncoding = 4; lastKnownFileType = sourcecode.c.h; path = "UIScreen+CZAddition.h"; sourceTree = "<group>"; };
		5ABBBFA01E1BA365000BD56A /* UIScreen+CZAddition.m */ = {isa = PBXFileReference; fileEncoding = 4; lastKnownFileType = sourcecode.c.objc; path = "UIScreen+CZAddition.m"; sourceTree = "<group>"; };
		5ABBBFA11E1BA365000BD56A /* UIView+CZAddition.h */ = {isa = PBXFileReference; fileEncoding = 4; lastKnownFileType = sourcecode.c.h; path = "UIView+CZAddition.h"; sourceTree = "<group>"; };
		5ABBBFA21E1BA365000BD56A /* UIView+CZAddition.m */ = {isa = PBXFileReference; fileEncoding = 4; lastKnownFileType = sourcecode.c.objc; path = "UIView+CZAddition.m"; sourceTree = "<group>"; };
		5ABBBFA31E1BA365000BD56A /* UIView+JKFrame.h */ = {isa = PBXFileReference; fileEncoding = 4; lastKnownFileType = sourcecode.c.h; path = "UIView+JKFrame.h"; sourceTree = "<group>"; };
		5ABBBFA41E1BA365000BD56A /* UIView+JKFrame.m */ = {isa = PBXFileReference; fileEncoding = 4; lastKnownFileType = sourcecode.c.objc; path = "UIView+JKFrame.m"; sourceTree = "<group>"; };
		5ABBBFA51E1BA365000BD56A /* UIViewController+CZAddition.h */ = {isa = PBXFileReference; fileEncoding = 4; lastKnownFileType = sourcecode.c.h; path = "UIViewController+CZAddition.h"; sourceTree = "<group>"; };
		5ABBBFA61E1BA365000BD56A /* UIViewController+CZAddition.m */ = {isa = PBXFileReference; fileEncoding = 4; lastKnownFileType = sourcecode.c.objc; path = "UIViewController+CZAddition.m"; sourceTree = "<group>"; };
		5ABBBFBA1E1BA47C000BD56A /* WB-Bridge.h */ = {isa = PBXFileReference; lastKnownFileType = sourcecode.c.h; path = "WB-Bridge.h"; sourceTree = "<group>"; };
		5AC7DBF21F5D27300044E4D1 /* WeiBoCommon.swift */ = {isa = PBXFileReference; fileEncoding = 4; lastKnownFileType = sourcecode.swift; path = WeiBoCommon.swift; sourceTree = "<group>"; };
		5ADED54B1F56F95C0056BFEE /* WBNetWorkManager+Extension.swift */ = {isa = PBXFileReference; fileEncoding = 4; lastKnownFileType = sourcecode.swift; path = "WBNetWorkManager+Extension.swift"; sourceTree = "<group>"; };
		5ADED54C1F56F95C0056BFEE /* WBNetWorkManager.swift */ = {isa = PBXFileReference; fileEncoding = 4; lastKnownFileType = sourcecode.swift; path = WBNetWorkManager.swift; sourceTree = "<group>"; };
		5ADED5501F56F9A80056BFEE /* WBStatus.swift */ = {isa = PBXFileReference; fileEncoding = 4; lastKnownFileType = sourcecode.swift; path = WBStatus.swift; sourceTree = "<group>"; };
		5ADED5521F56FC000056BFEE /* WBStatusListViewModel.swift */ = {isa = PBXFileReference; fileEncoding = 4; lastKnownFileType = sourcecode.swift; path = WBStatusListViewModel.swift; sourceTree = "<group>"; };
		EC53425561B06BC8CF44B4CE /* Pods_weiBo.framework */ = {isa = PBXFileReference; explicitFileType = wrapper.framework; includeInIndex = 0; path = Pods_weiBo.framework; sourceTree = BUILT_PRODUCTS_DIR; };
/* End PBXFileReference section */

/* Begin PBXFrameworksBuildPhase section */
		5A61C4FB1E17B7DC00D25B24 /* Frameworks */ = {
			isa = PBXFrameworksBuildPhase;
			buildActionMask = 2147483647;
			files = (
				0C6F72A29DE1D05848FF6DCF /* Pods_weiBo.framework in Frameworks */,
			);
			runOnlyForDeploymentPostprocessing = 0;
		};
		5A61C50F1E17B7DC00D25B24 /* Frameworks */ = {
			isa = PBXFrameworksBuildPhase;
			buildActionMask = 2147483647;
			files = (
			);
			runOnlyForDeploymentPostprocessing = 0;
		};
		5A61C51A1E17B7DD00D25B24 /* Frameworks */ = {
			isa = PBXFrameworksBuildPhase;
			buildActionMask = 2147483647;
			files = (
			);
			runOnlyForDeploymentPostprocessing = 0;
		};
/* End PBXFrameworksBuildPhase section */

/* Begin PBXGroup section */
		0E5B5CC9298EC9DA5029AAFC /* Pods */ = {
			isa = PBXGroup;
			children = (
				042A6562291D87C270A0EE54 /* Pods-weiBo.debug.xcconfig */,
				3C6B231A97A4F1258EE34E5E /* Pods-weiBo.release.xcconfig */,
			);
			name = Pods;
			sourceTree = "<group>";
		};
		5A004F6A1F5D92BA0001F208 /* OAuth */ = {
			isa = PBXGroup;
			children = (
				5A004F6B1F5D92DD0001F208 /* WBOAuthViewController.swift */,
			);
			path = OAuth;
			sourceTree = "<group>";
		};
		5A00BBB91F41EB9D00D7521F /* MainViewController */ = {
			isa = PBXGroup;
			children = (
				5A61C53B1E17BC3C00D25B24 /* WBMainViewController.swift */,
				5A61C53D1E17BC5B00D25B24 /* WBNavigationViewController.swift */,
			);
			name = MainViewController;
			sourceTree = "<group>";
		};
		5A32DDAC1F60320600086C7B /* Model */ = {
			isa = PBXGroup;
			children = (
				5A32DDAD1F6032BE00086C7B /* WBUserAccount.swift */,
			);
			path = Model;
			sourceTree = "<group>";
		};
		5A61C4F51E17B7DC00D25B24 = {
			isa = PBXGroup;
			children = (
				5A61C5001E17B7DC00D25B24 /* weiBo */,
				5A61C5151E17B7DC00D25B24 /* weiBoTests */,
				5A61C5201E17B7DD00D25B24 /* weiBoUITests */,
				5A61C4FF1E17B7DC00D25B24 /* Products */,
				0E5B5CC9298EC9DA5029AAFC /* Pods */,
				EF2F41D48BF3742C7C3C2DC0 /* Frameworks */,
			);
			sourceTree = "<group>";
		};
		5A61C4FF1E17B7DC00D25B24 /* Products */ = {
			isa = PBXGroup;
			children = (
				5A61C4FE1E17B7DC00D25B24 /* weiBo.app */,
				5A61C5121E17B7DC00D25B24 /* weiBoTests.xctest */,
				5A61C51D1E17B7DD00D25B24 /* weiBoUITests.xctest */,
			);
			name = Products;
			sourceTree = "<group>";
		};
		5A61C5001E17B7DC00D25B24 /* weiBo */ = {
			isa = PBXGroup;
			children = (
				5A61C52F1E17BB6F00D25B24 /* Classes */,
				5A61C5011E17B7DC00D25B24 /* AppDelegate.swift */,
				5AC7DBF21F5D27300044E4D1 /* WeiBoCommon.swift */,
				5ABBBFBA1E1BA47C000BD56A /* WB-Bridge.h */,
				5A61C5081E17B7DC00D25B24 /* Assets.xcassets */,
				5A3413BB1F493E2200BC6614 /* demo.plist */,
				5A61C50D1E17B7DC00D25B24 /* Info.plist */,
			);
			path = weiBo;
			sourceTree = "<group>";
		};
		5A61C5151E17B7DC00D25B24 /* weiBoTests */ = {
			isa = PBXGroup;
			children = (
				5A61C5161E17B7DC00D25B24 /* weiBoTests.swift */,
				5A61C5181E17B7DC00D25B24 /* Info.plist */,
			);
			path = weiBoTests;
			sourceTree = "<group>";
		};
		5A61C5201E17B7DD00D25B24 /* weiBoUITests */ = {
			isa = PBXGroup;
			children = (
				5A61C5211E17B7DD00D25B24 /* weiBoUITests.swift */,
				5A61C5231E17B7DD00D25B24 /* Info.plist */,
			);
			path = weiBoUITests;
			sourceTree = "<group>";
		};
		5A61C52F1E17BB6F00D25B24 /* Classes */ = {
			isa = PBXGroup;
			children = (
				5ADED54F1F56F9990056BFEE /* ViewModel */,
				5ADED5491F56F95C0056BFEE /* Tool */,
				5ADED5481F56F8BA0056BFEE /* Model */,
				5A61C5321E17BB6F00D25B24 /* View(视图和控制器) */,
				5ABBBF881E1BA2D7000BD56A /* Untils */,
			);
			path = Classes;
			sourceTree = "<group>";
		};
		5A61C5321E17BB6F00D25B24 /* View(视图和控制器) */ = {
			isa = PBXGroup;
			children = (
				5A667AC31F65318E00B6B72C /* NewFeature */,
				5A61C5351E17BB6F00D25B24 /* Main */,
				5A61C5331E17BB6F00D25B24 /* Discover */,
				5A61C5341E17BB6F00D25B24 /* Home */,
				5A61C5361E17BB6F00D25B24 /* Message */,
				5A61C5371E17BB6F00D25B24 /* Profile */,
			);
			path = "View(视图和控制器)";
			sourceTree = "<group>";
		};
		5A61C5331E17BB6F00D25B24 /* Discover */ = {
			isa = PBXGroup;
			children = (
				5A61C5431E17BCD800D25B24 /* WBSDiscoverViewController.swift */,
			);
			path = Discover;
			sourceTree = "<group>";
		};
		5A61C5341E17BB6F00D25B24 /* Home */ = {
			isa = PBXGroup;
			children = (
				5A667AC01F64407A00B6B72C /* TitleButton */,
				5A61C5411E17BCC900D25B24 /* WBHomeViewController.swift */,
			);
			path = Home;
			sourceTree = "<group>";
		};
		5A61C5351E17BB6F00D25B24 /* Main */ = {
			isa = PBXGroup;
			children = (
				5A004F6A1F5D92BA0001F208 /* OAuth */,
				5A82F1631E1D4C86003E1FC5 /* VisitorView */,
				5A00BBB91F41EB9D00D7521F /* MainViewController */,
				5A61C53F1E17BC7700D25B24 /* WBBaseViewController.swift */,
			);
			path = Main;
			sourceTree = "<group>";
		};
		5A61C5361E17BB6F00D25B24 /* Message */ = {
			isa = PBXGroup;
			children = (
				5A61C5451E17BCE100D25B24 /* WBMessageViewController.swift */,
			);
			path = Message;
			sourceTree = "<group>";
		};
		5A61C5371E17BB6F00D25B24 /* Profile */ = {
			isa = PBXGroup;
			children = (
				5A61C5471E17BCEB00D25B24 /* WBProfileViewController.swift */,
			);
			path = Profile;
			sourceTree = "<group>";
		};
		5A667AC01F64407A00B6B72C /* TitleButton */ = {
			isa = PBXGroup;
			children = (
				5A667AC11F64409500B6B72C /* WBTitleButton.swift */,
			);
			path = TitleButton;
			sourceTree = "<group>";
		};
		5A667AC31F65318E00B6B72C /* NewFeature */ = {
			isa = PBXGroup;
			children = (
				5A667AC41F6531CB00B6B72C /* WBWelcomeView.swift */,
				5A667AC81F6539B400B6B72C /* WBWelcomeView.xib */,
				5A667AC61F65321700B6B72C /* WBNewFeatureView.swift */,
				5A667ACA1F6539C800B6B72C /* WBNewFeatureView.xib */,
			);
			path = NewFeature;
			sourceTree = "<group>";
		};
		5A82F1631E1D4C86003E1FC5 /* VisitorView */ = {
			isa = PBXGroup;
			children = (
				5A82F1691E1D4CEF003E1FC5 /* WBVisitorView.swift */,
			);
			path = VisitorView;
			sourceTree = "<group>";
		};
		5AAA2EE01E1BEEB80093EF3E /* Extension */ = {
			isa = PBXGroup;
			children = (
				5AAA2EE11E1BEEE30093EF3E /* Bundle+Extension.swift */,
				5A6471B61E1C842200D0099F /* UIBarButtonItem+Extension.swift */,
			);
			path = Extension;
			sourceTree = "<group>";
		};
		5ABBBF881E1BA2D7000BD56A /* Untils */ = {
			isa = PBXGroup;
			children = (
				5AAA2EE01E1BEEB80093EF3E /* Extension */,
				5ABBBF891E1BA365000BD56A /* AddItions */,
			);
			path = Untils;
			sourceTree = "<group>";
		};
		5ABBBF891E1BA365000BD56A /* AddItions */ = {
			isa = PBXGroup;
			children = (
				5ABBBF8A1E1BA365000BD56A /* CZAdditions.h */,
				5ABBBF8B1E1BA365000BD56A /* NSArray+Log.h */,
				5ABBBF8C1E1BA365000BD56A /* NSArray+Log.m */,
				5ABBBF8D1E1BA365000BD56A /* NSAttributedString+CZAdditon.h */,
				5ABBBF8E1E1BA365000BD56A /* NSAttributedString+CZAdditon.m */,
				5ABBBF8F1E1BA365000BD56A /* NSObject+CZRuntime.h */,
				5ABBBF901E1BA365000BD56A /* NSObject+CZRuntime.m */,
				5ABBBF911E1BA365000BD56A /* NSString+CZBase64.h */,
				5ABBBF921E1BA365000BD56A /* NSString+CZBase64.m */,
				5ABBBF931E1BA365000BD56A /* NSString+CZHash.h */,
				5ABBBF941E1BA365000BD56A /* NSString+CZHash.m */,
				5ABBBF951E1BA365000BD56A /* NSString+CZPath.h */,
				5ABBBF961E1BA365000BD56A /* NSString+CZPath.m */,
				5ABBBF971E1BA365000BD56A /* UIButton+CZAddition.h */,
				5ABBBF981E1BA365000BD56A /* UIButton+CZAddition.m */,
				5ABBBF991E1BA365000BD56A /* UIColor+CZAddition.h */,
				5ABBBF9A1E1BA365000BD56A /* UIColor+CZAddition.m */,
				5ABBBF9B1E1BA365000BD56A /* UIImage+Extension.h */,
				5ABBBF9C1E1BA365000BD56A /* UIImage+Extension.m */,
				5ABBBF9D1E1BA365000BD56A /* UILabel+CZAddition.h */,
				5ABBBF9E1E1BA365000BD56A /* UILabel+CZAddition.m */,
				5ABBBF9F1E1BA365000BD56A /* UIScreen+CZAddition.h */,
				5ABBBFA01E1BA365000BD56A /* UIScreen+CZAddition.m */,
				5ABBBFA11E1BA365000BD56A /* UIView+CZAddition.h */,
				5ABBBFA21E1BA365000BD56A /* UIView+CZAddition.m */,
				5ABBBFA31E1BA365000BD56A /* UIView+JKFrame.h */,
				5ABBBFA41E1BA365000BD56A /* UIView+JKFrame.m */,
				5ABBBFA51E1BA365000BD56A /* UIViewController+CZAddition.h */,
				5ABBBFA61E1BA365000BD56A /* UIViewController+CZAddition.m */,
			);
			path = AddItions;
			sourceTree = "<group>";
		};
		5ADED5481F56F8BA0056BFEE /* Model */ = {
			isa = PBXGroup;
			children = (
				5ADED5501F56F9A80056BFEE /* WBStatus.swift */,
			);
			path = Model;
			sourceTree = "<group>";
		};
		5ADED5491F56F95C0056BFEE /* Tool */ = {
			isa = PBXGroup;
			children = (
				5ADED54A1F56F95C0056BFEE /* Network */,
			);
			path = Tool;
			sourceTree = "<group>";
		};
		5ADED54A1F56F95C0056BFEE /* Network */ = {
			isa = PBXGroup;
			children = (
				5A32DDAC1F60320600086C7B /* Model */,
				5ADED54C1F56F95C0056BFEE /* WBNetWorkManager.swift */,
				5ADED54B1F56F95C0056BFEE /* WBNetWorkManager+Extension.swift */,
			);
			path = Network;
			sourceTree = "<group>";
		};
		5ADED54F1F56F9990056BFEE /* ViewModel */ = {
			isa = PBXGroup;
			children = (
				5ADED5521F56FC000056BFEE /* WBStatusListViewModel.swift */,
			);
			path = ViewModel;
			sourceTree = "<group>";
		};
		EF2F41D48BF3742C7C3C2DC0 /* Frameworks */ = {
			isa = PBXGroup;
			children = (
				EC53425561B06BC8CF44B4CE /* Pods_weiBo.framework */,
			);
			name = Frameworks;
			sourceTree = "<group>";
		};
/* End PBXGroup section */

/* Begin PBXNativeTarget section */
		5A61C4FD1E17B7DC00D25B24 /* weiBo */ = {
			isa = PBXNativeTarget;
			buildConfigurationList = 5A61C5261E17B7DD00D25B24 /* Build configuration list for PBXNativeTarget "weiBo" */;
			buildPhases = (
				8221ED58BDA2A6F5416CCEAF /* [CP] Check Pods Manifest.lock */,
				5A61C4FA1E17B7DC00D25B24 /* Sources */,
				5A61C4FB1E17B7DC00D25B24 /* Frameworks */,
				5A61C4FC1E17B7DC00D25B24 /* Resources */,
				3B894C180CC1BC8CE5980144 /* [CP] Embed Pods Frameworks */,
				871BDEE95CFCB0C18105AF7F /* [CP] Copy Pods Resources */,
			);
			buildRules = (
			);
			dependencies = (
			);
			name = weiBo;
			productName = weiBo;
			productReference = 5A61C4FE1E17B7DC00D25B24 /* weiBo.app */;
			productType = "com.apple.product-type.application";
		};
		5A61C5111E17B7DC00D25B24 /* weiBoTests */ = {
			isa = PBXNativeTarget;
			buildConfigurationList = 5A61C5291E17B7DD00D25B24 /* Build configuration list for PBXNativeTarget "weiBoTests" */;
			buildPhases = (
				5A61C50E1E17B7DC00D25B24 /* Sources */,
				5A61C50F1E17B7DC00D25B24 /* Frameworks */,
				5A61C5101E17B7DC00D25B24 /* Resources */,
			);
			buildRules = (
			);
			dependencies = (
				5A61C5141E17B7DC00D25B24 /* PBXTargetDependency */,
			);
			name = weiBoTests;
			productName = weiBoTests;
			productReference = 5A61C5121E17B7DC00D25B24 /* weiBoTests.xctest */;
			productType = "com.apple.product-type.bundle.unit-test";
		};
		5A61C51C1E17B7DD00D25B24 /* weiBoUITests */ = {
			isa = PBXNativeTarget;
			buildConfigurationList = 5A61C52C1E17B7DD00D25B24 /* Build configuration list for PBXNativeTarget "weiBoUITests" */;
			buildPhases = (
				5A61C5191E17B7DD00D25B24 /* Sources */,
				5A61C51A1E17B7DD00D25B24 /* Frameworks */,
				5A61C51B1E17B7DD00D25B24 /* Resources */,
			);
			buildRules = (
			);
			dependencies = (
				5A61C51F1E17B7DD00D25B24 /* PBXTargetDependency */,
			);
			name = weiBoUITests;
			productName = weiBoUITests;
			productReference = 5A61C51D1E17B7DD00D25B24 /* weiBoUITests.xctest */;
			productType = "com.apple.product-type.bundle.ui-testing";
		};
/* End PBXNativeTarget section */

/* Begin PBXProject section */
		5A61C4F61E17B7DC00D25B24 /* Project object */ = {
			isa = PBXProject;
			attributes = {
				CLASSPREFIX = WB;
				LastSwiftUpdateCheck = 0820;
				LastUpgradeCheck = 0820;
				ORGANIZATIONNAME = "刘";
				TargetAttributes = {
					5A61C4FD1E17B7DC00D25B24 = {
						CreatedOnToolsVersion = 8.2.1;
						DevelopmentTeam = 9A8N83872W;
						ProvisioningStyle = Automatic;
					};
					5A61C5111E17B7DC00D25B24 = {
						CreatedOnToolsVersion = 8.2.1;
						DevelopmentTeam = SJDUG7AB8W;
						ProvisioningStyle = Automatic;
						TestTargetID = 5A61C4FD1E17B7DC00D25B24;
					};
					5A61C51C1E17B7DD00D25B24 = {
						CreatedOnToolsVersion = 8.2.1;
						DevelopmentTeam = SJDUG7AB8W;
						ProvisioningStyle = Automatic;
						TestTargetID = 5A61C4FD1E17B7DC00D25B24;
					};
				};
			};
			buildConfigurationList = 5A61C4F91E17B7DC00D25B24 /* Build configuration list for PBXProject "weiBo" */;
			compatibilityVersion = "Xcode 3.2";
			developmentRegion = English;
			hasScannedForEncodings = 0;
			knownRegions = (
				en,
				Base,
			);
			mainGroup = 5A61C4F51E17B7DC00D25B24;
			productRefGroup = 5A61C4FF1E17B7DC00D25B24 /* Products */;
			projectDirPath = "";
			projectRoot = "";
			targets = (
				5A61C4FD1E17B7DC00D25B24 /* weiBo */,
				5A61C5111E17B7DC00D25B24 /* weiBoTests */,
				5A61C51C1E17B7DD00D25B24 /* weiBoUITests */,
			);
		};
/* End PBXProject section */

/* Begin PBXResourcesBuildPhase section */
		5A61C4FC1E17B7DC00D25B24 /* Resources */ = {
			isa = PBXResourcesBuildPhase;
			buildActionMask = 2147483647;
			files = (
				5A61C5091E17B7DC00D25B24 /* Assets.xcassets in Resources */,
				5A3413BC1F493E2200BC6614 /* demo.plist in Resources */,
				5A667AC91F6539B400B6B72C /* WBWelcomeView.xib in Resources */,
				5A667ACB1F6539C800B6B72C /* WBNewFeatureView.xib in Resources */,
			);
			runOnlyForDeploymentPostprocessing = 0;
		};
		5A61C5101E17B7DC00D25B24 /* Resources */ = {
			isa = PBXResourcesBuildPhase;
			buildActionMask = 2147483647;
			files = (
			);
			runOnlyForDeploymentPostprocessing = 0;
		};
		5A61C51B1E17B7DD00D25B24 /* Resources */ = {
			isa = PBXResourcesBuildPhase;
			buildActionMask = 2147483647;
			files = (
			);
			runOnlyForDeploymentPostprocessing = 0;
		};
/* End PBXResourcesBuildPhase section */

/* Begin PBXShellScriptBuildPhase section */
		3B894C180CC1BC8CE5980144 /* [CP] Embed Pods Frameworks */ = {
			isa = PBXShellScriptBuildPhase;
			buildActionMask = 2147483647;
			files = (
			);
			inputPaths = (
			);
			name = "[CP] Embed Pods Frameworks";
			outputPaths = (
			);
			runOnlyForDeploymentPostprocessing = 0;
			shellPath = /bin/sh;
			shellScript = "\"${SRCROOT}/Pods/Target Support Files/Pods-weiBo/Pods-weiBo-frameworks.sh\"\n";
			showEnvVarsInLog = 0;
		};
		8221ED58BDA2A6F5416CCEAF /* [CP] Check Pods Manifest.lock */ = {
			isa = PBXShellScriptBuildPhase;
			buildActionMask = 2147483647;
			files = (
			);
			inputPaths = (
			);
			name = "[CP] Check Pods Manifest.lock";
			outputPaths = (
			);
			runOnlyForDeploymentPostprocessing = 0;
			shellPath = /bin/sh;
			shellScript = "diff \"${PODS_ROOT}/../Podfile.lock\" \"${PODS_ROOT}/Manifest.lock\" > /dev/null\nif [ $? != 0 ] ; then\n    # print error to STDERR\n    echo \"error: The sandbox is not in sync with the Podfile.lock. Run 'pod install' or update your CocoaPods installation.\" >&2\n    exit 1\nfi\n";
			showEnvVarsInLog = 0;
		};
		871BDEE95CFCB0C18105AF7F /* [CP] Copy Pods Resources */ = {
			isa = PBXShellScriptBuildPhase;
			buildActionMask = 2147483647;
			files = (
			);
			inputPaths = (
			);
			name = "[CP] Copy Pods Resources";
			outputPaths = (
			);
			runOnlyForDeploymentPostprocessing = 0;
			shellPath = /bin/sh;
			shellScript = "\"${SRCROOT}/Pods/Target Support Files/Pods-weiBo/Pods-weiBo-resources.sh\"\n";
			showEnvVarsInLog = 0;
		};
/* End PBXShellScriptBuildPhase section */

/* Begin PBXSourcesBuildPhase section */
		5A61C4FA1E17B7DC00D25B24 /* Sources */ = {
			isa = PBXSourcesBuildPhase;
			buildActionMask = 2147483647;
			files = (
				5ABBBFAE1E1BA365000BD56A /* UIColor+CZAddition.m in Sources */,
				5ABBBFA71E1BA365000BD56A /* NSArray+Log.m in Sources */,
				5ABBBFAF1E1BA365000BD56A /* UIImage+Extension.m in Sources */,
				5A61C5441E17BCD800D25B24 /* WBSDiscoverViewController.swift in Sources */,
				5ABBBFA81E1BA365000BD56A /* NSAttributedString+CZAdditon.m in Sources */,
				5ADED5531F56FC000056BFEE /* WBStatusListViewModel.swift in Sources */,
				5ABBBFAA1E1BA365000BD56A /* NSString+CZBase64.m in Sources */,
				5A61C5481E17BCEB00D25B24 /* WBProfileViewController.swift in Sources */,
				5A61C5461E17BCE100D25B24 /* WBMessageViewController.swift in Sources */,
				5ADED54D1F56F95C0056BFEE /* WBNetWorkManager+Extension.swift in Sources */,
				5ABBBFB31E1BA365000BD56A /* UIView+JKFrame.m in Sources */,
				5ADED5511F56F9A80056BFEE /* WBStatus.swift in Sources */,
				5AAA2EE21E1BEEE30093EF3E /* Bundle+Extension.swift in Sources */,
				5A61C5401E17BC7700D25B24 /* WBBaseViewController.swift in Sources */,
				5ABBBFB01E1BA365000BD56A /* UILabel+CZAddition.m in Sources */,
				5ABBBFB41E1BA365000BD56A /* UIViewController+CZAddition.m in Sources */,
				5ABBBFAD1E1BA365000BD56A /* UIButton+CZAddition.m in Sources */,
				5A82F16A1E1D4CEF003E1FC5 /* WBVisitorView.swift in Sources */,
				5A61C53C1E17BC3C00D25B24 /* WBMainViewController.swift in Sources */,
				5A32DDAE1F6032BE00086C7B /* WBUserAccount.swift in Sources */,
				5AC7DBF31F5D27300044E4D1 /* WeiBoCommon.swift in Sources */,
				5ADED54E1F56F95C0056BFEE /* WBNetWorkManager.swift in Sources */,
				5ABBBFA91E1BA365000BD56A /* NSObject+CZRuntime.m in Sources */,
				5A6471B71E1C842200D0099F /* UIBarButtonItem+Extension.swift in Sources */,
				5A61C5421E17BCC900D25B24 /* WBHomeViewController.swift in Sources */,
				5A667AC21F64409500B6B72C /* WBTitleButton.swift in Sources */,
				5A61C53E1E17BC5B00D25B24 /* WBNavigationViewController.swift in Sources */,
				5A004F6C1F5D92DD0001F208 /* WBOAuthViewController.swift in Sources */,
				5ABBBFB11E1BA365000BD56A /* UIScreen+CZAddition.m in Sources */,
				5ABBBFAC1E1BA365000BD56A /* NSString+CZPath.m in Sources */,
				5ABBBFAB1E1BA365000BD56A /* NSString+CZHash.m in Sources */,
				5A61C5021E17B7DC00D25B24 /* AppDelegate.swift in Sources */,
				5A667AC51F6531CB00B6B72C /* WBWelcomeView.swift in Sources */,
				5A667AC71F65321700B6B72C /* WBNewFeatureView.swift in Sources */,
				5ABBBFB21E1BA365000BD56A /* UIView+CZAddition.m in Sources */,
			);
			runOnlyForDeploymentPostprocessing = 0;
		};
		5A61C50E1E17B7DC00D25B24 /* Sources */ = {
			isa = PBXSourcesBuildPhase;
			buildActionMask = 2147483647;
			files = (
				5A61C5171E17B7DC00D25B24 /* weiBoTests.swift in Sources */,
			);
			runOnlyForDeploymentPostprocessing = 0;
		};
		5A61C5191E17B7DD00D25B24 /* Sources */ = {
			isa = PBXSourcesBuildPhase;
			buildActionMask = 2147483647;
			files = (
				5A61C5221E17B7DD00D25B24 /* weiBoUITests.swift in Sources */,
			);
			runOnlyForDeploymentPostprocessing = 0;
		};
/* End PBXSourcesBuildPhase section */

/* Begin PBXTargetDependency section */
		5A61C5141E17B7DC00D25B24 /* PBXTargetDependency */ = {
			isa = PBXTargetDependency;
			target = 5A61C4FD1E17B7DC00D25B24 /* weiBo */;
			targetProxy = 5A61C5131E17B7DC00D25B24 /* PBXContainerItemProxy */;
		};
		5A61C51F1E17B7DD00D25B24 /* PBXTargetDependency */ = {
			isa = PBXTargetDependency;
			target = 5A61C4FD1E17B7DC00D25B24 /* weiBo */;
			targetProxy = 5A61C51E1E17B7DD00D25B24 /* PBXContainerItemProxy */;
		};
/* End PBXTargetDependency section */

/* Begin XCBuildConfiguration section */
		5A61C5241E17B7DD00D25B24 /* Debug */ = {
			isa = XCBuildConfiguration;
			buildSettings = {
				ALWAYS_SEARCH_USER_PATHS = NO;
				CLANG_ANALYZER_NONNULL = YES;
				CLANG_CXX_LANGUAGE_STANDARD = "gnu++0x";
				CLANG_CXX_LIBRARY = "libc++";
				CLANG_ENABLE_MODULES = YES;
				CLANG_ENABLE_OBJC_ARC = YES;
				CLANG_WARN_BOOL_CONVERSION = YES;
				CLANG_WARN_CONSTANT_CONVERSION = YES;
				CLANG_WARN_DIRECT_OBJC_ISA_USAGE = YES_ERROR;
				CLANG_WARN_DOCUMENTATION_COMMENTS = YES;
				CLANG_WARN_EMPTY_BODY = YES;
				CLANG_WARN_ENUM_CONVERSION = YES;
				CLANG_WARN_INFINITE_RECURSION = YES;
				CLANG_WARN_INT_CONVERSION = YES;
				CLANG_WARN_OBJC_ROOT_CLASS = YES_ERROR;
				CLANG_WARN_SUSPICIOUS_MOVE = YES;
				CLANG_WARN_UNREACHABLE_CODE = YES;
				CLANG_WARN__DUPLICATE_METHOD_MATCH = YES;
				"CODE_SIGN_IDENTITY[sdk=iphoneos*]" = "iPhone Developer";
				COPY_PHASE_STRIP = NO;
				DEBUG_INFORMATION_FORMAT = dwarf;
				ENABLE_STRICT_OBJC_MSGSEND = YES;
				ENABLE_TESTABILITY = YES;
				GCC_C_LANGUAGE_STANDARD = gnu99;
				GCC_DYNAMIC_NO_PIC = NO;
				GCC_NO_COMMON_BLOCKS = YES;
				GCC_OPTIMIZATION_LEVEL = 0;
				GCC_PREPROCESSOR_DEFINITIONS = (
					"DEBUG=1",
					"$(inherited)",
				);
				GCC_WARN_64_TO_32_BIT_CONVERSION = YES;
				GCC_WARN_ABOUT_RETURN_TYPE = YES_ERROR;
				GCC_WARN_UNDECLARED_SELECTOR = YES;
				GCC_WARN_UNINITIALIZED_AUTOS = YES_AGGRESSIVE;
				GCC_WARN_UNUSED_FUNCTION = YES;
				GCC_WARN_UNUSED_VARIABLE = YES;
				IPHONEOS_DEPLOYMENT_TARGET = 10.2;
				MTL_ENABLE_DEBUG_INFO = YES;
				ONLY_ACTIVE_ARCH = YES;
				SDKROOT = iphoneos;
				SWIFT_ACTIVE_COMPILATION_CONDITIONS = DEBUG;
				SWIFT_OPTIMIZATION_LEVEL = "-Onone";
				TARGETED_DEVICE_FAMILY = "1,2";
			};
			name = Debug;
		};
		5A61C5251E17B7DD00D25B24 /* Release */ = {
			isa = XCBuildConfiguration;
			buildSettings = {
				ALWAYS_SEARCH_USER_PATHS = NO;
				CLANG_ANALYZER_NONNULL = YES;
				CLANG_CXX_LANGUAGE_STANDARD = "gnu++0x";
				CLANG_CXX_LIBRARY = "libc++";
				CLANG_ENABLE_MODULES = YES;
				CLANG_ENABLE_OBJC_ARC = YES;
				CLANG_WARN_BOOL_CONVERSION = YES;
				CLANG_WARN_CONSTANT_CONVERSION = YES;
				CLANG_WARN_DIRECT_OBJC_ISA_USAGE = YES_ERROR;
				CLANG_WARN_DOCUMENTATION_COMMENTS = YES;
				CLANG_WARN_EMPTY_BODY = YES;
				CLANG_WARN_ENUM_CONVERSION = YES;
				CLANG_WARN_INFINITE_RECURSION = YES;
				CLANG_WARN_INT_CONVERSION = YES;
				CLANG_WARN_OBJC_ROOT_CLASS = YES_ERROR;
				CLANG_WARN_SUSPICIOUS_MOVE = YES;
				CLANG_WARN_UNREACHABLE_CODE = YES;
				CLANG_WARN__DUPLICATE_METHOD_MATCH = YES;
				"CODE_SIGN_IDENTITY[sdk=iphoneos*]" = "iPhone Developer";
				COPY_PHASE_STRIP = NO;
				DEBUG_INFORMATION_FORMAT = "dwarf-with-dsym";
				ENABLE_NS_ASSERTIONS = NO;
				ENABLE_STRICT_OBJC_MSGSEND = YES;
				GCC_C_LANGUAGE_STANDARD = gnu99;
				GCC_NO_COMMON_BLOCKS = YES;
				GCC_WARN_64_TO_32_BIT_CONVERSION = YES;
				GCC_WARN_ABOUT_RETURN_TYPE = YES_ERROR;
				GCC_WARN_UNDECLARED_SELECTOR = YES;
				GCC_WARN_UNINITIALIZED_AUTOS = YES_AGGRESSIVE;
				GCC_WARN_UNUSED_FUNCTION = YES;
				GCC_WARN_UNUSED_VARIABLE = YES;
				IPHONEOS_DEPLOYMENT_TARGET = 10.2;
				MTL_ENABLE_DEBUG_INFO = NO;
				SDKROOT = iphoneos;
				SWIFT_OPTIMIZATION_LEVEL = "-Owholemodule";
				TARGETED_DEVICE_FAMILY = "1,2";
				VALIDATE_PRODUCT = YES;
			};
			name = Release;
		};
		5A61C5271E17B7DD00D25B24 /* Debug */ = {
			isa = XCBuildConfiguration;
			baseConfigurationReference = 042A6562291D87C270A0EE54 /* Pods-weiBo.debug.xcconfig */;
			buildSettings = {
				ASSETCATALOG_COMPILER_APPICON_NAME = AppIcon;
				ASSETCATALOG_COMPILER_LAUNCHIMAGE_NAME = LaunchImage;
				DEVELOPMENT_TEAM = 9A8N83872W;
				INFOPLIST_FILE = weiBo/Info.plist;
				IPHONEOS_DEPLOYMENT_TARGET = 8.0;
				LD_RUNPATH_SEARCH_PATHS = "$(inherited) @executable_path/Frameworks";
				PRODUCT_BUNDLE_IDENTIFIER = liu.weiBo;
				PRODUCT_NAME = "$(TARGET_NAME)";
				SWIFT_OBJC_BRIDGING_HEADER = "weiBo/WB-Bridge.h";
				SWIFT_VERSION = 3.0;
				TARGETED_DEVICE_FAMILY = 1;
			};
			name = Debug;
		};
		5A61C5281E17B7DD00D25B24 /* Release */ = {
			isa = XCBuildConfiguration;
			baseConfigurationReference = 3C6B231A97A4F1258EE34E5E /* Pods-weiBo.release.xcconfig */;
			buildSettings = {
				ASSETCATALOG_COMPILER_APPICON_NAME = AppIcon;
				ASSETCATALOG_COMPILER_LAUNCHIMAGE_NAME = LaunchImage;
				DEVELOPMENT_TEAM = 9A8N83872W;
				INFOPLIST_FILE = weiBo/Info.plist;
				IPHONEOS_DEPLOYMENT_TARGET = 8.0;
				LD_RUNPATH_SEARCH_PATHS = "$(inherited) @executable_path/Frameworks";
				PRODUCT_BUNDLE_IDENTIFIER = liu.weiBo;
				PRODUCT_NAME = "$(TARGET_NAME)";
				SWIFT_OBJC_BRIDGING_HEADER = "weiBo/WB-Bridge.h";
				SWIFT_VERSION = 3.0;
				TARGETED_DEVICE_FAMILY = 1;
			};
			name = Release;
		};
		5A61C52A1E17B7DD00D25B24 /* Debug */ = {
			isa = XCBuildConfiguration;
			buildSettings = {
				ALWAYS_EMBED_SWIFT_STANDARD_LIBRARIES = YES;
				BUNDLE_LOADER = "$(TEST_HOST)";
				DEVELOPMENT_TEAM = SJDUG7AB8W;
				INFOPLIST_FILE = weiBoTests/Info.plist;
				LD_RUNPATH_SEARCH_PATHS = "$(inherited) @executable_path/Frameworks @loader_path/Frameworks";
				PRODUCT_BUNDLE_IDENTIFIER = liu.weiBoTests;
				PRODUCT_NAME = "$(TARGET_NAME)";
				SWIFT_VERSION = 3.0;
				TEST_HOST = "$(BUILT_PRODUCTS_DIR)/weiBo.app/weiBo";
			};
			name = Debug;
		};
		5A61C52B1E17B7DD00D25B24 /* Release */ = {
			isa = XCBuildConfiguration;
			buildSettings = {
				ALWAYS_EMBED_SWIFT_STANDARD_LIBRARIES = YES;
				BUNDLE_LOADER = "$(TEST_HOST)";
				DEVELOPMENT_TEAM = SJDUG7AB8W;
				INFOPLIST_FILE = weiBoTests/Info.plist;
				LD_RUNPATH_SEARCH_PATHS = "$(inherited) @executable_path/Frameworks @loader_path/Frameworks";
				PRODUCT_BUNDLE_IDENTIFIER = liu.weiBoTests;
				PRODUCT_NAME = "$(TARGET_NAME)";
				SWIFT_VERSION = 3.0;
				TEST_HOST = "$(BUILT_PRODUCTS_DIR)/weiBo.app/weiBo";
			};
			name = Release;
		};
		5A61C52D1E17B7DD00D25B24 /* Debug */ = {
			isa = XCBuildConfiguration;
			buildSettings = {
				ALWAYS_EMBED_SWIFT_STANDARD_LIBRARIES = YES;
				DEVELOPMENT_TEAM = SJDUG7AB8W;
				INFOPLIST_FILE = weiBoUITests/Info.plist;
				LD_RUNPATH_SEARCH_PATHS = "$(inherited) @executable_path/Frameworks @loader_path/Frameworks";
				PRODUCT_BUNDLE_IDENTIFIER = liu.weiBoUITests;
				PRODUCT_NAME = "$(TARGET_NAME)";
				SWIFT_VERSION = 3.0;
				TEST_TARGET_NAME = weiBo;
			};
			name = Debug;
		};
		5A61C52E1E17B7DD00D25B24 /* Release */ = {
			isa = XCBuildConfiguration;
			buildSettings = {
				ALWAYS_EMBED_SWIFT_STANDARD_LIBRARIES = YES;
				DEVELOPMENT_TEAM = SJDUG7AB8W;
				INFOPLIST_FILE = weiBoUITests/Info.plist;
				LD_RUNPATH_SEARCH_PATHS = "$(inherited) @executable_path/Frameworks @loader_path/Frameworks";
				PRODUCT_BUNDLE_IDENTIFIER = liu.weiBoUITests;
				PRODUCT_NAME = "$(TARGET_NAME)";
				SWIFT_VERSION = 3.0;
				TEST_TARGET_NAME = weiBo;
			};
			name = Release;
		};
/* End XCBuildConfiguration section */

/* Begin XCConfigurationList section */
		5A61C4F91E17B7DC00D25B24 /* Build configuration list for PBXProject "weiBo" */ = {
			isa = XCConfigurationList;
			buildConfigurations = (
				5A61C5241E17B7DD00D25B24 /* Debug */,
				5A61C5251E17B7DD00D25B24 /* Release */,
			);
			defaultConfigurationIsVisible = 0;
			defaultConfigurationName = Release;
		};
		5A61C5261E17B7DD00D25B24 /* Build configuration list for PBXNativeTarget "weiBo" */ = {
			isa = XCConfigurationList;
			buildConfigurations = (
				5A61C5271E17B7DD00D25B24 /* Debug */,
				5A61C5281E17B7DD00D25B24 /* Release */,
			);
			defaultConfigurationIsVisible = 0;
			defaultConfigurationName = Release;
		};
		5A61C5291E17B7DD00D25B24 /* Build configuration list for PBXNativeTarget "weiBoTests" */ = {
			isa = XCConfigurationList;
			buildConfigurations = (
				5A61C52A1E17B7DD00D25B24 /* Debug */,
				5A61C52B1E17B7DD00D25B24 /* Release */,
			);
			defaultConfigurationIsVisible = 0;
			defaultConfigurationName = Release;
		};
		5A61C52C1E17B7DD00D25B24 /* Build configuration list for PBXNativeTarget "weiBoUITests" */ = {
			isa = XCConfigurationList;
			buildConfigurations = (
				5A61C52D1E17B7DD00D25B24 /* Debug */,
				5A61C52E1E17B7DD00D25B24 /* Release */,
			);
			defaultConfigurationIsVisible = 0;
			defaultConfigurationName = Release;
		};
/* End XCConfigurationList section */
	};
	rootObject = 5A61C4F61E17B7DC00D25B24 /* Project object */;
}
